{
    "_meta": {
        "hash": {
            "sha256": "6e6ec6a52b9f499881e4d593054ddc2305b0d56f77de844718aa2a6102f03d5b"
        },
        "pipfile-spec": 6,
        "requires": {
            "python_version": "3.8"
        },
        "sources": [
            {
                "name": "pypi",
                "url": "https://pypi.org/simple",
                "verify_ssl": true
            }
        ]
    },
    "default": {
        "attrs": {
            "hashes": [
                "sha256:08a96c641c3a74e44eb59afb61a24f2cb9f4d7188748e76ba4bb5edfa3cb7d1c",
                "sha256:f7b7ce16570fe9965acd6d30101a28f62fb4a7f9e926b3bbc9b61f8b04247e72"
            ],
            "markers": "python_version >= '2.7' and python_version not in '3.0, 3.1, 3.2, 3.3'",
            "version": "==19.3.0"
        },
        "aws-cdk.assets": {
            "hashes": [
                "sha256:5eaf218a3bf5f36b35496e0e2a1cb08e353be1c78955534581cd49cd7abec6c9",
                "sha256:e23a45fa2e811602c36994fa067eddab9223a728859cddd678645720894a54f0"
            ],
            "markers": "python_version >= '3.6'",
            "version": "==1.60.0"
        },
        "aws-cdk.aws-applicationautoscaling": {
            "hashes": [
                "sha256:48eaa9f4df2a5e9f09e46e7bb5c31139ed93baac4b6530d7915e05183d45de8c",
                "sha256:7f6394946f5ff7c09e24369575f8ff3c3466078dae3d815f01540d13d3ecf630"
            ],
            "markers": "python_version >= '3.6'",
            "version": "==1.60.0"
        },
        "aws-cdk.aws-autoscaling-common": {
            "hashes": [
                "sha256:6aa8aac66a0e3053a41bc3ec4bc3ac0b4d5afe5984ceb1676ad16c085225718f",
                "sha256:da0d322aa4963c772eab9c5f87d868fdc717ef18522e18c95d4e062888423d02"
            ],
            "markers": "python_version >= '3.6'",
            "version": "==1.60.0"
        },
        "aws-cdk.aws-cloudwatch": {
            "hashes": [
                "sha256:275d1acce30cecff2513dc64831dce51017e78c6a5083b552fff91dc8dd5bcff",
                "sha256:8c98bcff2090b7b63695cdb6d85fc21321bb751b5a9ebfc05c207423c41a77f7"
            ],
            "markers": "python_version >= '3.6'",
            "version": "==1.60.0"
        },
        "aws-cdk.aws-codeguruprofiler": {
            "hashes": [
                "sha256:5ac803ec037f6fe56b015c2c8ebeca46ccb76416f16d1209aa03c45648e9d182",
                "sha256:f82f8c3347562e38eab35a42c7f53360af74b636ad2e27d2aeaeac24f058f69f"
            ],
            "markers": "python_version >= '3.6'",
            "version": "==1.60.0"
        },
        "aws-cdk.aws-ec2": {
            "hashes": [
                "sha256:c2092afb7561a3af6f1f7535f4a6c505017ad11eff24b9e2e526bb83929ebdbd",
                "sha256:c9a0f87f985a117ef19dc07db6c941fd8d2fb7909e2c9b965d65cb7575296d4b"
            ],
            "index": "pypi",
            "version": "==1.60.0"
        },
        "aws-cdk.aws-efs": {
            "hashes": [
                "sha256:5293eea0dd7dbd8382e745e1a8bb81cbef3e56d52ee5d4f615533054f171285c",
                "sha256:7918f67856723759c7ead7180813fc8098a76a4f64edb6368f8ee6354c33b24b"
            ],
            "markers": "python_version >= '3.6'",
            "version": "==1.60.0"
        },
        "aws-cdk.aws-events": {
            "hashes": [
                "sha256:6a045a56c436e4c0e0b957182b89e3da5579bff82e7a37cb73e2eae2efaecf2c",
                "sha256:b4edb0d9c981afe6000d04e2b063518c2b0a46dd9611a18515903af481df1d93"
            ],
            "markers": "python_version >= '3.6'",
            "version": "==1.60.0"
        },
        "aws-cdk.aws-iam": {
            "hashes": [
                "sha256:d371f3d2e124fc3f90b28f6c91e2f2c142345bd74f45795adde29f2c98291986",
                "sha256:ecd35874cfb3310f51c3aea8f50b840020df417324e95f29093eb72a6525a702"
            ],
            "markers": "python_version >= '3.6'",
            "version": "==1.60.0"
        },
        "aws-cdk.aws-kms": {
            "hashes": [
                "sha256:0b270eacd48ee7f9a7ada0e983d89306921367a74d376cbf752da1bc6b75d792",
                "sha256:654f757a8f52b83257c8142431c18dbc54821421c2a9e210811db4751764670a"
            ],
            "markers": "python_version >= '3.6'",
            "version": "==1.60.0"
        },
        "aws-cdk.aws-lambda": {
            "hashes": [
                "sha256:1b91da345b0ca09ea1f068f8f77e1f25a73fcc5154b63a1fe54fbea4b6178f53",
                "sha256:2f4a8facd4d52330e208d519f62b943352ad8454aa5cbde30d36ffa41d1ec655"
            ],
            "markers": "python_version >= '3.6'",
            "version": "==1.60.0"
        },
        "aws-cdk.aws-logs": {
            "hashes": [
                "sha256:7ecffa301de3a260551dc87cf289d3bddca9461df64d4af67f593e4c6ece4291",
                "sha256:e42f9851611ca90d82ca242c099765815910148c5127a78b191c0d354cb42df8"
            ],
            "markers": "python_version >= '3.6'",
            "version": "==1.60.0"
        },
        "aws-cdk.aws-rds": {
            "hashes": [
                "sha256:0c9596b576e8c2617666170c0997c7b7d51cb41219a7951f04c0a419ff5d14af",
                "sha256:c3b626772a1d1cc2a124de60176292a91e6c39377d6dcdb9273e400593c7200c"
            ],
            "index": "pypi",
            "version": "==1.60.0"
        },
        "aws-cdk.aws-s3": {
            "hashes": [
                "sha256:1fa3d22c301585e5a0f1beb4a5c5de9a3eb68b3d56591782682057e9ab07770c",
                "sha256:6536fc352d9b2d713e9a6c9cb04e884db573493193d6984d390c3182ec512c1a"
            ],
            "index": "pypi",
            "version": "==1.60.0"
        },
        "aws-cdk.aws-s3-assets": {
            "hashes": [
                "sha256:574b5f19193a9eaedf21b27627756c2f892eec19684e5506a58c3e83428155bb",
                "sha256:d45f3a3f6958a98d55299dba62f2e4ed3f1f9ea39169f4f2f4ba9df3f171806c"
            ],
            "markers": "python_version >= '3.6'",
            "version": "==1.60.0"
        },
        "aws-cdk.aws-sam": {
            "hashes": [
                "sha256:02b4b9fac2f24b85c83d10b5301a6bde61d675829da7522b16c6b5573828bff6",
                "sha256:c961a108c5980e0418f70076898c25d842b7f6116048230ca089cde78bdb50fa"
            ],
            "markers": "python_version >= '3.6'",
            "version": "==1.60.0"
        },
        "aws-cdk.aws-secretsmanager": {
            "hashes": [
                "sha256:c749fd45c9e56fb100db22db2b4f95898036c0f35a747c4f6f2ef53da7699bb9",
                "sha256:ed79c2d919f8372b78e57d83d0937dcd6ecdef69a098aca5baf1faddd85f42d8"
            ],
            "markers": "python_version >= '3.6'",
            "version": "==1.60.0"
        },
        "aws-cdk.aws-sqs": {
            "hashes": [
                "sha256:7329c3880263951dcc4bd29f8e661d0dd78fcb43a46a55ee21da55902be953be",
                "sha256:dc2a5085f1b58c4d747625ac19c486ff1adeed9ea44e225fba534abcadd19171"
            ],
            "markers": "python_version >= '3.6'",
            "version": "==1.60.0"
        },
        "aws-cdk.aws-ssm": {
            "hashes": [
                "sha256:8f32b96b16b116af01f996627b7d49a9d48f741656f58dddd59379beb664a10a",
                "sha256:f214e2fb52f2cb13b2ea77f7e0cd53d953d0b78fe7fdb63f9c939396b8192179"
            ],
            "markers": "python_version >= '3.6'",
            "version": "==1.60.0"
        },
        "aws-cdk.cloud-assembly-schema": {
            "hashes": [
                "sha256:4efe3c662b9a2d583e429fe94d0cd1f77d1080b6578ad6189fb8f5e53dbc2fea",
                "sha256:d2a94f0a31a2fab2da3dbd6a1a51f0fd2ea98fe8f4f8f9ae44f6bfb4259ed0f3"
            ],
            "markers": "python_version >= '3.6'",
            "version": "==1.60.0"
        },
        "aws-cdk.core": {
            "hashes": [
                "sha256:201097bc55f763085700011be415a253277b339b22e7f9c99fc52a72022349f8",
                "sha256:9b987c1d7254ba56e57c4a9e1d4b595d5e1aebf63087096b8c1796f8a26855f2"
            ],
            "markers": "python_version >= '3.6'",
            "version": "==1.60.0"
        },
        "aws-cdk.cx-api": {
            "hashes": [
                "sha256:8e72b01e30cfd32ce6cd79b94584879d114de44ad947c6810305589bc7f93bc8",
                "sha256:99692e084cde02663842d64a3e36a6a3c9967187baca4a10889f05e5e9b0ac12"
            ],
            "markers": "python_version >= '3.6'",
            "version": "==1.60.0"
        },
        "aws-cdk.region-info": {
            "hashes": [
                "sha256:290756cca3db41046220aab910389dedef6bc1ad554e5d9c2afb6d42ce8b2035",
                "sha256:ef48f7475e3950cca7bfe2f314971703b3f2a6cce31965d912d13b9a6fd759b2"
            ],
            "markers": "python_version >= '3.6'",
            "version": "==1.60.0"
        },
        "boto3": {
            "hashes": [
                "sha256:0d9cbeb5c8ca67650cc963c77e2e3b3ab5dffeeee16e03d61d740755f8fc7c44",
                "sha256:df73edf3bd6f191870212e04ae9a8bc6245fd6749f464e9fb950392a8d15bd8c"
            ],
            "index": "pypi",
            "version": "==1.14.47"
        },
        "botocore": {
            "hashes": [
                "sha256:42b320b449df22cdb1232913e4a066919d127feb8e58ad98898831e6255ccfe0",
                "sha256:eca25f01c503c2b86b394497f875a0eb0d3fe367dbc032f3a02851ba7e827109"
            ],
            "version": "==1.17.47"
        },
        "cattrs": {
            "hashes": [
                "sha256:616972ae3dfa6e623a40ad3cb845420e64942989152774ab055e5c2b2f89f997",
                "sha256:b7ab5cf8ad127c42eefd01410c1c6e28569a45a255ea80ed968511873c433c7a"
            ],
            "version": "==1.0.0"
        },
        "constructs": {
            "hashes": [
                "sha256:9740f25c67d19f3c710c85f298ebfd1d109f9fd54d0ec0b869a87b4c1554da3e",
                "sha256:edb1a78e8780f24046f8945a6f0101406f5b2106f9d93d833e61ca34dc8b980d"
            ],
            "markers": "python_version >= '3.6'",
            "version": "==3.0.4"
        },
        "docutils": {
            "hashes": [
                "sha256:6c4f696463b79f1fb8ba0c594b63840ebd41f059e92b31957c46b74a4599b6d0",
                "sha256:9e4d7ecfc600058e07ba661411a2b7de2fd0fafa17d1a7f7361cd47b1175c827",
                "sha256:a2aeea129088da402665e92e0b25b04b073c04b2dce4ab65caaa38b7ce2e1a99"
            ],
            "markers": "python_version >= '2.6' and python_version not in '3.0, 3.1, 3.2, 3.3'",
            "version": "==0.15.2"
        },
        "jmespath": {
            "hashes": [
                "sha256:b85d0567b8666149a93172712e68920734333c0ce7e89b78b3e987f71e5ed4f9",
                "sha256:cdf6525904cc597730141d61b36f2e4b8ecc257c420fa2f4549bac2c2d0cb72f"
            ],
            "markers": "python_version >= '2.6' and python_version not in '3.0, 3.1, 3.2, 3.3'",
            "version": "==0.10.0"
        },
        "jsii": {
            "hashes": [
                "sha256:c7618ad78d7047fdc03d1813d261af335385cf955cc8bc5e366ad567bc03c349",
                "sha256:de2c9931ae941de38a9bff6ae76c799865bf9995a9651e5d55fc43a0e6e6c063"
            ],
            "markers": "python_version >= '3.6'",
            "version": "==1.11.0"
        },
        "publication": {
            "hashes": [
                "sha256:0248885351febc11d8a1098d5c8e3ab2dabcf3e8c0c96db1e17ecd12b53afbe6",
                "sha256:68416a0de76dddcdd2930d1c8ef853a743cc96c82416c4e4d3b5d901c6276dc4"
            ],
            "version": "==0.0.3"
        },
        "python-dateutil": {
            "hashes": [
                "sha256:73ebfe9dbf22e832286dafa60473e4cd239f8592f699aa5adaf10050e6e1823c",
                "sha256:75bb3f31ea686f1197762692a9ee6a7550b59fc6ca3a1f4b5d7e32fb98e2da2a"
            ],
            "markers": "python_version >= '2.7' and python_version not in '3.0, 3.1, 3.2, 3.3'",
            "version": "==2.8.1"
        },
        "s3transfer": {
            "hashes": [
                "sha256:2482b4259524933a022d59da830f51bd746db62f047d6eb213f2f8855dcb8a13",
                "sha256:921a37e2aefc64145e7b73d50c71bb4f26f46e4c9f414dc648c6245ff92cf7db"
            ],
            "version": "==0.3.3"
        },
        "setuptools": {
            "editable": true,
            "file": "file:///Users/stormacq/Documents/amazon/code/meetup/meetup-reporting/meetup-infra"
        },
        "six": {
            "hashes": [
                "sha256:30639c035cdb23534cd4aa2dd52c3bf48f06e5f4a941509c8bafd8ce11080259",
                "sha256:8b74bedcbbbaca38ff6d7491d76f2b06b3592611af620f8426e82dddb04a5ced"
            ],
            "markers": "python_version >= '2.7' and python_version not in '3.0, 3.1, 3.2, 3.3'",
            "version": "==1.15.0"
        },
        "typing-extensions": {
            "hashes": [
                "sha256:7cb407020f00f7bfc3cb3e7881628838e69d8f3fcab2f64742a5e76b2f841918",
                "sha256:99d4073b617d30288f569d3f13d2bd7548c3a7e4c8de87db09a9d29bb3a4a60c",
                "sha256:dafc7639cde7f1b6e1acc0f457842a83e722ccca8eef5270af2d74792619a89f"
            ],
            "version": "==3.7.4.3"
        },
        "urllib3": {
            "hashes": [
                "sha256:91056c15fa70756691db97756772bb1eb9678fa585d9184f24534b100dc60f4a",
                "sha256:e7983572181f5e1522d9c98453462384ee92a0be7fac5f1413a1e35c56cc0461"
            ],
            "markers": "python_version != '3.4'",
            "version": "==1.25.10"
        }
    },
    "develop": {}
}
